
Microsoft Visual Studio Solution File, Format Version 11.00
# Visual Studio 2010
Project("{FAE04EC0-301F-11D3-BF4B-00C04F79EFBC}") = "wcfRestLib", "wcfRestLib\wcfRestLib.csproj", "{C5D586B5-6147-48E5-9E64-5E2BF503D192}"
EndProject
Project("{FAE04EC0-301F-11D3-BF4B-00C04F79EFBC}") = "wcfRestApp", "wcfRestApp\wcfRestApp.csproj", "{7EB078A6-DAA6-4D33-8C55-6AE79B3B4BC9}"
EndProject
Global
	GlobalSection(SolutionConfigurationPlatforms) = preSolution
		Debug|x86 = Debug|x86
		Release|x86 = Release|x86
	EndGlobalSection
	GlobalSection(ProjectConfigurationPlatforms) = postSolution
		{C5D586B5-6147-48E5-9E64-5E2BF503D192}.Debug|x86.ActiveCfg = Debug|x86
		{C5D586B5-6147-48E5-9E64-5E2BF503D192}.Debug|x86.Build.0 = Debug|x86
		{C5D586B5-6147-48E5-9E64-5E2BF503D192}.Release|x86.ActiveCfg = Release|x86
		{C5D586B5-6147-48E5-9E64-5E2BF503D192}.Release|x86.Build.0 = Release|x86
		{7EB078A6-DAA6-4D33-8C55-6AE79B3B4BC9}.Debug|x86.ActiveCfg = Debug|x86
		{7EB078A6-DAA6-4D33-8C55-6AE79B3B4BC9}.Debug|x86.Build.0 = Debug|x86
		{7EB078A6-DAA6-4D33-8C55-6AE79B3B4BC9}.Release|x86.ActiveCfg = Release|x86
		{7EB078A6-DAA6-4D33-8C55-6AE79B3B4BC9}.Release|x86.Build.0 = Release|x86
	EndGlobalSection
	GlobalSection(SolutionProperties) = preSolution
		HideSolutionNode = FALSE
	EndGlobalSection
EndGlobal
